{
    "_meta": {
        "hash": {
            "sha256": "010ab7d73f53f4eeca57778a9bc72104c642c2a01fbf52b7be538cddbbcbae0a"
        },
        "pipfile-spec": 6,
        "requires": {
            "python_version": "3.8"
        },
        "sources": [
            {
                "name": "pypi",
                "url": "https://pypi.org/simple",
                "verify_ssl": true
            }
        ]
    },
    "default": {
        "memoization": {
            "hashes": [
                "sha256:6237152a6e4d76b75b3045d8423b1d637437f0a65484f10a504c0da93b1eaeaf",
                "sha256:b012e5a8be2e88ae0ad7ceb439142dcf6056f3c7d580af7e92b3a523dd84abaa"
            ],
            "index": "pypi",
            "version": "==0.3.1"
        }
    },
    "develop": {}
}
